
Microsoft Visual Studio Solution File, Format Version 12.00
# Visual Studio Version 17
VisualStudioVersion = 17.6.33815.320
MinimumVisualStudioVersion = 10.0.40219.1
Project("{8BC9CEB8-8B4A-11D0-8D11-00A0C91BC942}") = "01_Function", "01_Function.vcxproj", "{F98C431F-23DB-4365-A79F-5AD97EA3B38E}"
EndProject
Global
	GlobalSection(SolutionConfigurationPlatforms) = preSolution
		Debug|x64 = Debug|x64
		Debug|x86 = Debug|x86
		Release|x64 = Release|x64
		Release|x86 = Release|x86
	EndGlobalSection
	GlobalSection(ProjectConfigurationPlatforms) = postSolution
		{F98C431F-23DB-4365-A79F-5AD97EA3B38E}.Debug|x64.ActiveCfg = Debug|x64
		{F98C431F-23DB-4365-A79F-5AD97EA3B38E}.Debug|x64.Build.0 = Debug|x64
		{F98C431F-23DB-4365-A79F-5AD97EA3B38E}.Debug|x86.ActiveCfg = Debug|Win32
		{F98C431F-23DB-4365-A79F-5AD97EA3B38E}.Debug|x86.Build.0 = Debug|Win32
		{F98C431F-23DB-4365-A79F-5AD97EA3B38E}.Release|x64.ActiveCfg = Release|x64
		{F98C431F-23DB-4365-A79F-5AD97EA3B38E}.Release|x64.Build.0 = Release|x64
		{F98C431F-23DB-4365-A79F-5AD97EA3B38E}.Release|x86.ActiveCfg = Release|Win32
		{F98C431F-23DB-4365-A79F-5AD97EA3B38E}.Release|x86.Build.0 = Release|Win32
	EndGlobalSection
	GlobalSection(SolutionProperties) = preSolution
		HideSolutionNode = FALSE
	EndGlobalSection
	GlobalSection(ExtensibilityGlobals) = postSolution
		SolutionGuid = {1547461A-F9C8-4FAC-9DD7-98EE06E81F60}
	EndGlobalSection
EndGlobal
